
Microsoft Visual Studio Solution File, Format Version 12.00
# Visual Studio Version 16
VisualStudioVersion = 16.0.29201.188
MinimumVisualStudioVersion = 10.0.40219.1
Project("{8BC9CEB8-8B4A-11D0-8D11-00A0C91BC942}") = "Kuku", "src\Kuku.vcxproj", "{34FEA4F8-3ECA-4D09-A506-3871D34B4FB8}"
EndProject
Project("{8BC9CEB8-8B4A-11D0-8D11-00A0C91BC942}") = "KukuTests", "tests\KukuTests.vcxproj", "{C0303E59-AA84-4DD4-AADB-318B778A90FB}"
EndProject
Project("{8BC9CEB8-8B4A-11D0-8D11-00A0C91BC942}") = "KukuExamples", "examples\KukuExamples.vcxproj", "{1B927DB8-FB7A-4E59-B175-69A4589A49BA}"
	ProjectSection(ProjectDependencies) = postProject
		{34FEA4F8-3ECA-4D09-A506-3871D34B4FB8} = {34FEA4F8-3ECA-4D09-A506-3871D34B4FB8}
	EndProjectSection
EndProject
Project("{8BC9CEB8-8B4A-11D0-8D11-00A0C91BC942}") = "Kuku_C", "src\Kuku_C.vcxproj", "{EC30B03C-89D0-4B69-9D75-97AE3574F2C0}"
EndProject
Project("{2150E333-8FDC-42A3-9474-1A3956D46DE8}") = "Solution Items", "Solution Items", "{F1DB7A9B-EF27-42BA-9C1E-A81860504883}"
	ProjectSection(SolutionItems) = preProject
		.clang-format = .clang-format
		.gitignore = .gitignore
		azure-pipelines.yml = azure-pipelines.yml
		CHANGES.md = CHANGES.md
		CMakeLists.txt = CMakeLists.txt
		CODE_OF_CONDUCT.md = CODE_OF_CONDUCT.md
		CONTRIBUTING.md = CONTRIBUTING.md
		ISSUES.md = ISSUES.md
		LICENSE = LICENSE
		NOTICE = NOTICE
		README.md = README.md
		SECURITY.md = SECURITY.md
	EndProjectSection
EndProject
Project("{2150E333-8FDC-42A3-9474-1A3956D46DE8}") = "thirdparty", "thirdparty", "{B5D6273D-41A3-4A85-B676-EF3764559886}"
EndProject
Project("{2150E333-8FDC-42A3-9474-1A3956D46DE8}") = "googletest", "googletest", "{9828622B-3D73-43C1-B5CC-EF300F685801}"
	ProjectSection(SolutionItems) = preProject
		thirdparty\googletest\CMakeLists.txt = thirdparty\googletest\CMakeLists.txt
	EndProjectSection
EndProject
Project("{2150E333-8FDC-42A3-9474-1A3956D46DE8}") = "pipelines", "pipelines", "{F619837E-C018-44CB-98C5-AE249B50396A}"
	ProjectSection(SolutionItems) = preProject
		pipelines\jobs.yml = pipelines\jobs.yml
		pipelines\nix.yml = pipelines\nix.yml
		pipelines\nuget.yml = pipelines\nuget.yml
		pipelines\pipeline-CI-Debug-Linux.yml = pipelines\pipeline-CI-Debug-Linux.yml
		pipelines\pipeline-CI-Debug-macOS.yml = pipelines\pipeline-CI-Debug-macOS.yml
		pipelines\pipeline-CI-Debug-Windows.yml = pipelines\pipeline-CI-Debug-Windows.yml
		pipelines\pipeline-CI-Release-All.yml = pipelines\pipeline-CI-Release-All.yml
		pipelines\pipeline-Nuget.yml = pipelines\pipeline-Nuget.yml
		pipelines\pipeline-PR-Debug-All.yml = pipelines\pipeline-PR-Debug-All.yml
		pipelines\windows.yml = pipelines\windows.yml
	EndProjectSection
EndProject
Project("{9A19103F-16F7-4668-BE54-9A1E7A4F7556}") = "KukuNet", "dotnet\src\KukuNet.csproj", "{029CC83E-9B1F-4EA2-A54B-899A75E9A97B}"
	ProjectSection(ProjectDependencies) = postProject
		{EC30B03C-89D0-4B69-9D75-97AE3574F2C0} = {EC30B03C-89D0-4B69-9D75-97AE3574F2C0}
	EndProjectSection
EndProject
Project("{9A19103F-16F7-4668-BE54-9A1E7A4F7556}") = "KukuNetExamples", "dotnet\examples\KukuNetExamples.csproj", "{8D7AF1DE-3603-4922-BC13-5AD41ED9D8EF}"
EndProject
Project("{9A19103F-16F7-4668-BE54-9A1E7A4F7556}") = "KukuNetTests", "dotnet\tests\KukuNetTests.csproj", "{4013D47D-E62F-4F75-A3EA-27C2520CB983}"
EndProject
Project("{2150E333-8FDC-42A3-9474-1A3956D46DE8}") = "NuGet", "NuGet", "{C23B76EB-BF81-42A6-8A49-61EB173174A8}"
	ProjectSection(SolutionItems) = preProject
		dotnet\nuget\KukuNet-multi.nuspec = dotnet\nuget\KukuNet-multi.nuspec
		dotnet\nuget\KukuNet.nuspec = dotnet\nuget\KukuNet.nuspec
		dotnet\nuget\KukuNet.targets = dotnet\nuget\KukuNet.targets
		dotnet\nuget\NUGET.md = dotnet\nuget\NUGET.md
	EndProjectSection
EndProject
Global
	GlobalSection(SolutionConfigurationPlatforms) = preSolution
		Debug|Any CPU = Debug|Any CPU
		Debug|Win32 = Debug|Win32
		Debug|x64 = Debug|x64
		Debug|x86 = Debug|x86
		Release|Any CPU = Release|Any CPU
		Release|Win32 = Release|Win32
		Release|x64 = Release|x64
		Release|x86 = Release|x86
	EndGlobalSection
	GlobalSection(ProjectConfigurationPlatforms) = postSolution
		{34FEA4F8-3ECA-4D09-A506-3871D34B4FB8}.Debug|Any CPU.ActiveCfg = Debug|x64
		{34FEA4F8-3ECA-4D09-A506-3871D34B4FB8}.Debug|Any CPU.Build.0 = Debug|x64
		{34FEA4F8-3ECA-4D09-A506-3871D34B4FB8}.Debug|Win32.ActiveCfg = Debug|Win32
		{34FEA4F8-3ECA-4D09-A506-3871D34B4FB8}.Debug|Win32.Build.0 = Debug|Win32
		{34FEA4F8-3ECA-4D09-A506-3871D34B4FB8}.Debug|x64.ActiveCfg = Debug|x64
		{34FEA4F8-3ECA-4D09-A506-3871D34B4FB8}.Debug|x64.Build.0 = Debug|x64
		{34FEA4F8-3ECA-4D09-A506-3871D34B4FB8}.Debug|x86.ActiveCfg = Debug|Win32
		{34FEA4F8-3ECA-4D09-A506-3871D34B4FB8}.Debug|x86.Build.0 = Debug|Win32
		{34FEA4F8-3ECA-4D09-A506-3871D34B4FB8}.Release|Any CPU.ActiveCfg = Release|Win32
		{34FEA4F8-3ECA-4D09-A506-3871D34B4FB8}.Release|Win32.ActiveCfg = Release|Win32
		{34FEA4F8-3ECA-4D09-A506-3871D34B4FB8}.Release|Win32.Build.0 = Release|Win32
		{34FEA4F8-3ECA-4D09-A506-3871D34B4FB8}.Release|x64.ActiveCfg = Release|x64
		{34FEA4F8-3ECA-4D09-A506-3871D34B4FB8}.Release|x64.Build.0 = Release|x64
		{34FEA4F8-3ECA-4D09-A506-3871D34B4FB8}.Release|x86.ActiveCfg = Release|Win32
		{34FEA4F8-3ECA-4D09-A506-3871D34B4FB8}.Release|x86.Build.0 = Release|Win32
		{C0303E59-AA84-4DD4-AADB-318B778A90FB}.Debug|Any CPU.ActiveCfg = Debug|x64
		{C0303E59-AA84-4DD4-AADB-318B778A90FB}.Debug|Any CPU.Build.0 = Debug|x64
		{C0303E59-AA84-4DD4-AADB-318B778A90FB}.Debug|Win32.ActiveCfg = Debug|Win32
		{C0303E59-AA84-4DD4-AADB-318B778A90FB}.Debug|Win32.Build.0 = Debug|Win32
		{C0303E59-AA84-4DD4-AADB-318B778A90FB}.Debug|x64.ActiveCfg = Debug|x64
		{C0303E59-AA84-4DD4-AADB-318B778A90FB}.Debug|x64.Build.0 = Debug|x64
		{C0303E59-AA84-4DD4-AADB-318B778A90FB}.Debug|x86.ActiveCfg = Debug|Win32
		{C0303E59-AA84-4DD4-AADB-318B778A90FB}.Debug|x86.Build.0 = Debug|Win32
		{C0303E59-AA84-4DD4-AADB-318B778A90FB}.Release|Any CPU.ActiveCfg = Release|Win32
		{C0303E59-AA84-4DD4-AADB-318B778A90FB}.Release|Win32.ActiveCfg = Release|Win32
		{C0303E59-AA84-4DD4-AADB-318B778A90FB}.Release|Win32.Build.0 = Release|Win32
		{C0303E59-AA84-4DD4-AADB-318B778A90FB}.Release|x64.ActiveCfg = Release|x64
		{C0303E59-AA84-4DD4-AADB-318B778A90FB}.Release|x64.Build.0 = Release|x64
		{C0303E59-AA84-4DD4-AADB-318B778A90FB}.Release|x86.ActiveCfg = Release|Win32
		{C0303E59-AA84-4DD4-AADB-318B778A90FB}.Release|x86.Build.0 = Release|Win32
		{1B927DB8-FB7A-4E59-B175-69A4589A49BA}.Debug|Any CPU.ActiveCfg = Debug|x64
		{1B927DB8-FB7A-4E59-B175-69A4589A49BA}.Debug|Any CPU.Build.0 = Debug|x64
		{1B927DB8-FB7A-4E59-B175-69A4589A49BA}.Debug|Win32.ActiveCfg = Debug|Win32
		{1B927DB8-FB7A-4E59-B175-69A4589A49BA}.Debug|Win32.Build.0 = Debug|Win32
		{1B927DB8-FB7A-4E59-B175-69A4589A49BA}.Debug|x64.ActiveCfg = Debug|x64
		{1B927DB8-FB7A-4E59-B175-69A4589A49BA}.Debug|x64.Build.0 = Debug|x64
		{1B927DB8-FB7A-4E59-B175-69A4589A49BA}.Debug|x86.ActiveCfg = Debug|Win32
		{1B927DB8-FB7A-4E59-B175-69A4589A49BA}.Debug|x86.Build.0 = Debug|Win32
		{1B927DB8-FB7A-4E59-B175-69A4589A49BA}.Release|Any CPU.ActiveCfg = Release|Win32
		{1B927DB8-FB7A-4E59-B175-69A4589A49BA}.Release|Win32.ActiveCfg = Release|Win32
		{1B927DB8-FB7A-4E59-B175-69A4589A49BA}.Release|Win32.Build.0 = Release|Win32
		{1B927DB8-FB7A-4E59-B175-69A4589A49BA}.Release|x64.ActiveCfg = Release|x64
		{1B927DB8-FB7A-4E59-B175-69A4589A49BA}.Release|x64.Build.0 = Release|x64
		{1B927DB8-FB7A-4E59-B175-69A4589A49BA}.Release|x86.ActiveCfg = Release|Win32
		{1B927DB8-FB7A-4E59-B175-69A4589A49BA}.Release|x86.Build.0 = Release|Win32
		{EC30B03C-89D0-4B69-9D75-97AE3574F2C0}.Debug|Any CPU.ActiveCfg = Debug|x64
		{EC30B03C-89D0-4B69-9D75-97AE3574F2C0}.Debug|Win32.ActiveCfg = Debug|x64
		{EC30B03C-89D0-4B69-9D75-97AE3574F2C0}.Debug|x64.ActiveCfg = Debug|x64
		{EC30B03C-89D0-4B69-9D75-97AE3574F2C0}.Debug|x64.Build.0 = Debug|x64
		{EC30B03C-89D0-4B69-9D75-97AE3574F2C0}.Debug|x86.ActiveCfg = Debug|x64
		{EC30B03C-89D0-4B69-9D75-97AE3574F2C0}.Release|Any CPU.ActiveCfg = Release|x64
		{EC30B03C-89D0-4B69-9D75-97AE3574F2C0}.Release|Win32.ActiveCfg = Release|x64
		{EC30B03C-89D0-4B69-9D75-97AE3574F2C0}.Release|x64.ActiveCfg = Release|x64
		{EC30B03C-89D0-4B69-9D75-97AE3574F2C0}.Release|x64.Build.0 = Release|x64
		{EC30B03C-89D0-4B69-9D75-97AE3574F2C0}.Release|x86.ActiveCfg = Release|x64
		{029CC83E-9B1F-4EA2-A54B-899A75E9A97B}.Debug|Any CPU.ActiveCfg = Debug|Any CPU
		{029CC83E-9B1F-4EA2-A54B-899A75E9A97B}.Debug|Any CPU.Build.0 = Debug|Any CPU
		{029CC83E-9B1F-4EA2-A54B-899A75E9A97B}.Debug|Win32.ActiveCfg = Debug|Any CPU
		{029CC83E-9B1F-4EA2-A54B-899A75E9A97B}.Debug|Win32.Build.0 = Debug|Any CPU
		{029CC83E-9B1F-4EA2-A54B-899A75E9A97B}.Debug|x64.ActiveCfg = Debug|Any CPU
		{029CC83E-9B1F-4EA2-A54B-899A75E9A97B}.Debug|x64.Build.0 = Debug|Any CPU
		{029CC83E-9B1F-4EA2-A54B-899A75E9A97B}.Debug|x86.ActiveCfg = Debug|Any CPU
		{029CC83E-9B1F-4EA2-A54B-899A75E9A97B}.Debug|x86.Build.0 = Debug|Any CPU
		{029CC83E-9B1F-4EA2-A54B-899A75E9A97B}.Release|Any CPU.ActiveCfg = Release|Any CPU
		{029CC83E-9B1F-4EA2-A54B-899A75E9A97B}.Release|Any CPU.Build.0 = Release|Any CPU
		{029CC83E-9B1F-4EA2-A54B-899A75E9A97B}.Release|Win32.ActiveCfg = Release|Any CPU
		{029CC83E-9B1F-4EA2-A54B-899A75E9A97B}.Release|Win32.Build.0 = Release|Any CPU
		{029CC83E-9B1F-4EA2-A54B-899A75E9A97B}.Release|x64.ActiveCfg = Release|Any CPU
		{029CC83E-9B1F-4EA2-A54B-899A75E9A97B}.Release|x64.Build.0 = Release|Any CPU
		{029CC83E-9B1F-4EA2-A54B-899A75E9A97B}.Release|x86.ActiveCfg = Release|Any CPU
		{029CC83E-9B1F-4EA2-A54B-899A75E9A97B}.Release|x86.Build.0 = Release|Any CPU
		{8D7AF1DE-3603-4922-BC13-5AD41ED9D8EF}.Debug|Any CPU.ActiveCfg = Debug|Any CPU
		{8D7AF1DE-3603-4922-BC13-5AD41ED9D8EF}.Debug|Any CPU.Build.0 = Debug|Any CPU
		{8D7AF1DE-3603-4922-BC13-5AD41ED9D8EF}.Debug|Win32.ActiveCfg = Debug|Any CPU
		{8D7AF1DE-3603-4922-BC13-5AD41ED9D8EF}.Debug|Win32.Build.0 = Debug|Any CPU
		{8D7AF1DE-3603-4922-BC13-5AD41ED9D8EF}.Debug|x64.ActiveCfg = Debug|Any CPU
		{8D7AF1DE-3603-4922-BC13-5AD41ED9D8EF}.Debug|x64.Build.0 = Debug|Any CPU
		{8D7AF1DE-3603-4922-BC13-5AD41ED9D8EF}.Debug|x86.ActiveCfg = Debug|Any CPU
		{8D7AF1DE-3603-4922-BC13-5AD41ED9D8EF}.Debug|x86.Build.0 = Debug|Any CPU
		{8D7AF1DE-3603-4922-BC13-5AD41ED9D8EF}.Release|Any CPU.ActiveCfg = Release|Any CPU
		{8D7AF1DE-3603-4922-BC13-5AD41ED9D8EF}.Release|Any CPU.Build.0 = Release|Any CPU
		{8D7AF1DE-3603-4922-BC13-5AD41ED9D8EF}.Release|Win32.ActiveCfg = Release|Any CPU
		{8D7AF1DE-3603-4922-BC13-5AD41ED9D8EF}.Release|Win32.Build.0 = Release|Any CPU
		{8D7AF1DE-3603-4922-BC13-5AD41ED9D8EF}.Release|x64.ActiveCfg = Release|Any CPU
		{8D7AF1DE-3603-4922-BC13-5AD41ED9D8EF}.Release|x64.Build.0 = Release|Any CPU
		{8D7AF1DE-3603-4922-BC13-5AD41ED9D8EF}.Release|x86.ActiveCfg = Release|Any CPU
		{8D7AF1DE-3603-4922-BC13-5AD41ED9D8EF}.Release|x86.Build.0 = Release|Any CPU
		{4013D47D-E62F-4F75-A3EA-27C2520CB983}.Debug|Any CPU.ActiveCfg = Debug|Any CPU
		{4013D47D-E62F-4F75-A3EA-27C2520CB983}.Debug|Any CPU.Build.0 = Debug|Any CPU
		{4013D47D-E62F-4F75-A3EA-27C2520CB983}.Debug|Win32.ActiveCfg = Debug|Any CPU
		{4013D47D-E62F-4F75-A3EA-27C2520CB983}.Debug|Win32.Build.0 = Debug|Any CPU
		{4013D47D-E62F-4F75-A3EA-27C2520CB983}.Debug|x64.ActiveCfg = Debug|Any CPU
		{4013D47D-E62F-4F75-A3EA-27C2520CB983}.Debug|x64.Build.0 = Debug|Any CPU
		{4013D47D-E62F-4F75-A3EA-27C2520CB983}.Debug|x86.ActiveCfg = Debug|Any CPU
		{4013D47D-E62F-4F75-A3EA-27C2520CB983}.Debug|x86.Build.0 = Debug|Any CPU
		{4013D47D-E62F-4F75-A3EA-27C2520CB983}.Release|Any CPU.ActiveCfg = Release|Any CPU
		{4013D47D-E62F-4F75-A3EA-27C2520CB983}.Release|Any CPU.Build.0 = Release|Any CPU
		{4013D47D-E62F-4F75-A3EA-27C2520CB983}.Release|Win32.ActiveCfg = Release|Any CPU
		{4013D47D-E62F-4F75-A3EA-27C2520CB983}.Release|Win32.Build.0 = Release|Any CPU
		{4013D47D-E62F-4F75-A3EA-27C2520CB983}.Release|x64.ActiveCfg = Release|Any CPU
		{4013D47D-E62F-4F75-A3EA-27C2520CB983}.Release|x64.Build.0 = Release|Any CPU
		{4013D47D-E62F-4F75-A3EA-27C2520CB983}.Release|x86.ActiveCfg = Release|Any CPU
		{4013D47D-E62F-4F75-A3EA-27C2520CB983}.Release|x86.Build.0 = Release|Any CPU
	EndGlobalSection
	GlobalSection(SolutionProperties) = preSolution
		HideSolutionNode = FALSE
	EndGlobalSection
	GlobalSection(NestedProjects) = preSolution
		{B5D6273D-41A3-4A85-B676-EF3764559886} = {F1DB7A9B-EF27-42BA-9C1E-A81860504883}
		{9828622B-3D73-43C1-B5CC-EF300F685801} = {B5D6273D-41A3-4A85-B676-EF3764559886}
		{F619837E-C018-44CB-98C5-AE249B50396A} = {F1DB7A9B-EF27-42BA-9C1E-A81860504883}
	EndGlobalSection
	GlobalSection(ExtensibilityGlobals) = postSolution
		SolutionGuid = {C1D4D52A-3D0B-4C89-8EA1-438107DCED88}
	EndGlobalSection
EndGlobal
