<?xml version="1.0" encoding="utf-8"?>
<Project ToolsVersion="4.0" xmlns="http://schemas.microsoft.com/developer/msbuild/2003">
  <ItemGroup>
    <ClCompile Include="kuku\common.cpp">
      <Filter>Source Files</Filter>
    </ClCompile>
    <ClCompile Include="kuku\kuku.cpp">
      <Filter>Source Files</Filter>
    </ClCompile>
    <ClCompile Include="kuku\locfunc.cpp">
      <Filter>Source Files</Filter>
    </ClCompile>
  </ItemGroup>
  <ItemGroup>
    <Filter Include="Source Files">
      <UniqueIdentifier>{1938dc7d-d642-4a31-b4fe-73391b024f48}</UniqueIdentifier>
    </Filter>
    <Filter Include="Other">
      <UniqueIdentifier>{3902520f-535c-4702-a4e3-413bbce37336}</UniqueIdentifier>
    </Filter>
    <Filter Include="Other\kuku">
      <UniqueIdentifier>{e8cd9d77-c303-44ad-8515-73fdc49addaa}</UniqueIdentifier>
    </Filter>
  </ItemGroup>
  <ItemGroup>
    <Text Include="CMakeLists.txt">
      <Filter>Other</Filter>
    </Text>
    <Text Include="kuku\CMakeLists.txt">
      <Filter>Other\kuku</Filter>
    </Text>
  </ItemGroup>
  <ItemGroup>
    <None Include="packages.config" />
  </ItemGroup>
</Project>